
Microsoft Visual Studio Solution File, Format Version 12.00
# Visual Studio Version 17
VisualStudioVersion = 17.9.34728.123
MinimumVisualStudioVersion = 10.0.40219.1
Project("{CC5FD16D-436D-48AD-A40C-5A424C6E3E79}") = "RedditService", "RedditService\RedditService.ccproj", "{D7FFBAA0-F8A0-4DDB-82D0-C68C61B8099F}"
EndProject
Project("{FAE04EC0-301F-11D3-BF4B-00C04F79EFBC}") = "HealthMonitoringService_WorkerRole", "HealthMonitoringService_WorkerRole\HealthMonitoringService_WorkerRole.csproj", "{8B6E7D1E-4FB0-4AAB-A954-35690C1682F0}"
EndProject
Project("{FAE04EC0-301F-11D3-BF4B-00C04F79EFBC}") = "NotificationService_WorkerRole", "NotificationService_WorkerRole\NotificationService_WorkerRole.csproj", "{99D4BA60-FE93-41F5-8D4E-7779227CB901}"
EndProject
Project("{FAE04EC0-301F-11D3-BF4B-00C04F79EFBC}") = "HealthStatusService_WebRole", "HealthStatusService_WebRole\HealthStatusService_WebRole.csproj", "{BC3B65F4-6EA9-4234-8662-95CCB677C2B0}"
EndProject
Project("{FAE04EC0-301F-11D3-BF4B-00C04F79EFBC}") = "RedditService_WebRole", "RedditService_WebRole\RedditService_WebRole.csproj", "{1142EBD8-9397-4498-8437-08C2C250226A}"
EndProject
Global
	GlobalSection(SolutionConfigurationPlatforms) = preSolution
		Debug|Any CPU = Debug|Any CPU
		Release|Any CPU = Release|Any CPU
	EndGlobalSection
	GlobalSection(ProjectConfigurationPlatforms) = postSolution
		{D7FFBAA0-F8A0-4DDB-82D0-C68C61B8099F}.Debug|Any CPU.ActiveCfg = Debug|Any CPU
		{D7FFBAA0-F8A0-4DDB-82D0-C68C61B8099F}.Debug|Any CPU.Build.0 = Debug|Any CPU
		{D7FFBAA0-F8A0-4DDB-82D0-C68C61B8099F}.Release|Any CPU.ActiveCfg = Release|Any CPU
		{D7FFBAA0-F8A0-4DDB-82D0-C68C61B8099F}.Release|Any CPU.Build.0 = Release|Any CPU
		{8B6E7D1E-4FB0-4AAB-A954-35690C1682F0}.Debug|Any CPU.ActiveCfg = Debug|Any CPU
		{8B6E7D1E-4FB0-4AAB-A954-35690C1682F0}.Debug|Any CPU.Build.0 = Debug|Any CPU
		{8B6E7D1E-4FB0-4AAB-A954-35690C1682F0}.Release|Any CPU.ActiveCfg = Release|Any CPU
		{8B6E7D1E-4FB0-4AAB-A954-35690C1682F0}.Release|Any CPU.Build.0 = Release|Any CPU
		{99D4BA60-FE93-41F5-8D4E-7779227CB901}.Debug|Any CPU.ActiveCfg = Debug|Any CPU
		{99D4BA60-FE93-41F5-8D4E-7779227CB901}.Debug|Any CPU.Build.0 = Debug|Any CPU
		{99D4BA60-FE93-41F5-8D4E-7779227CB901}.Release|Any CPU.ActiveCfg = Release|Any CPU
		{99D4BA60-FE93-41F5-8D4E-7779227CB901}.Release|Any CPU.Build.0 = Release|Any CPU
		{BC3B65F4-6EA9-4234-8662-95CCB677C2B0}.Debug|Any CPU.ActiveCfg = Debug|Any CPU
		{BC3B65F4-6EA9-4234-8662-95CCB677C2B0}.Debug|Any CPU.Build.0 = Debug|Any CPU
		{BC3B65F4-6EA9-4234-8662-95CCB677C2B0}.Release|Any CPU.ActiveCfg = Release|Any CPU
		{BC3B65F4-6EA9-4234-8662-95CCB677C2B0}.Release|Any CPU.Build.0 = Release|Any CPU
		{1142EBD8-9397-4498-8437-08C2C250226A}.Debug|Any CPU.ActiveCfg = Debug|Any CPU
		{1142EBD8-9397-4498-8437-08C2C250226A}.Debug|Any CPU.Build.0 = Debug|Any CPU
		{1142EBD8-9397-4498-8437-08C2C250226A}.Release|Any CPU.ActiveCfg = Release|Any CPU
		{1142EBD8-9397-4498-8437-08C2C250226A}.Release|Any CPU.Build.0 = Release|Any CPU
	EndGlobalSection
	GlobalSection(SolutionProperties) = preSolution
		HideSolutionNode = FALSE
	EndGlobalSection
	GlobalSection(ExtensibilityGlobals) = postSolution
		SolutionGuid = {E49F158A-1737-444F-8E60-EBD16A32D411}
	EndGlobalSection
EndGlobal
