
Microsoft Visual Studio Solution File, Format Version 12.00
# Visual Studio Version 17
VisualStudioVersion = 17.9.34728.123
MinimumVisualStudioVersion = 10.0.40219.1
Project("{CC5FD16D-436D-48AD-A40C-5A424C6E3E79}") = "RedditService", "RedditService\RedditService.ccproj", "{D7FFBAA0-F8A0-4DDB-82D0-C68C61B8099F}"
EndProject
Project("{FAE04EC0-301F-11D3-BF4B-00C04F79EFBC}") = "HealthMonitoringService_WorkerRole", "HealthMonitoringService_WorkerRole\HealthMonitoringService_WorkerRole.csproj", "{8B6E7D1E-4FB0-4AAB-A954-35690C1682F0}"
EndProject
Project("{FAE04EC0-301F-11D3-BF4B-00C04F79EFBC}") = "NotificationService_WorkerRole", "NotificationService_WorkerRole\NotificationService_WorkerRole.csproj", "{99D4BA60-FE93-41F5-8D4E-7779227CB901}"
EndProject
Project("{FAE04EC0-301F-11D3-BF4B-00C04F79EFBC}") = "RedditService_WebRole", "RedditService_WebRole\RedditService_WebRole.csproj", "{1142EBD8-9397-4498-8437-08C2C250226A}"
EndProject
Project("{2150E333-8FDC-42A3-9474-1A3956D46DE8}") = "Library", "Library", "{3EE30115-A8B0-451A-8165-B6D0D1DA3042}"
EndProject
Project("{FAE04EC0-301F-11D3-BF4B-00C04F79EFBC}") = "Contracts", "Contracts\Contracts.csproj", "{80030AF7-A578-46E1-AAF2-CD06CE2D09E8}"
EndProject
Project("{FAE04EC0-301F-11D3-BF4B-00C04F79EFBC}") = "ServiceData", "ServiceData\ServiceData.csproj", "{D24FCE89-50C7-4A94-B64F-1A4C4C79A666}"
EndProject
Project("{FAE04EC0-301F-11D3-BF4B-00C04F79EFBC}") = "TableRepository", "TableRepository\TableRepository.csproj", "{B2B4461E-98BA-4A41-8285-ED9F9BC39943}"
EndProject
Global
	GlobalSection(SolutionConfigurationPlatforms) = preSolution
		Debug|Any CPU = Debug|Any CPU
		Release|Any CPU = Release|Any CPU
	EndGlobalSection
	GlobalSection(ProjectConfigurationPlatforms) = postSolution
		{D7FFBAA0-F8A0-4DDB-82D0-C68C61B8099F}.Debug|Any CPU.ActiveCfg = Debug|Any CPU
		{D7FFBAA0-F8A0-4DDB-82D0-C68C61B8099F}.Debug|Any CPU.Build.0 = Debug|Any CPU
		{D7FFBAA0-F8A0-4DDB-82D0-C68C61B8099F}.Release|Any CPU.ActiveCfg = Release|Any CPU
		{D7FFBAA0-F8A0-4DDB-82D0-C68C61B8099F}.Release|Any CPU.Build.0 = Release|Any CPU
		{8B6E7D1E-4FB0-4AAB-A954-35690C1682F0}.Debug|Any CPU.ActiveCfg = Debug|Any CPU
		{8B6E7D1E-4FB0-4AAB-A954-35690C1682F0}.Debug|Any CPU.Build.0 = Debug|Any CPU
		{8B6E7D1E-4FB0-4AAB-A954-35690C1682F0}.Release|Any CPU.ActiveCfg = Release|Any CPU
		{8B6E7D1E-4FB0-4AAB-A954-35690C1682F0}.Release|Any CPU.Build.0 = Release|Any CPU
		{99D4BA60-FE93-41F5-8D4E-7779227CB901}.Debug|Any CPU.ActiveCfg = Debug|Any CPU
		{99D4BA60-FE93-41F5-8D4E-7779227CB901}.Debug|Any CPU.Build.0 = Debug|Any CPU
		{99D4BA60-FE93-41F5-8D4E-7779227CB901}.Release|Any CPU.ActiveCfg = Release|Any CPU
		{99D4BA60-FE93-41F5-8D4E-7779227CB901}.Release|Any CPU.Build.0 = Release|Any CPU
		{1142EBD8-9397-4498-8437-08C2C250226A}.Debug|Any CPU.ActiveCfg = Debug|Any CPU
		{1142EBD8-9397-4498-8437-08C2C250226A}.Debug|Any CPU.Build.0 = Debug|Any CPU
		{1142EBD8-9397-4498-8437-08C2C250226A}.Release|Any CPU.ActiveCfg = Release|Any CPU
		{1142EBD8-9397-4498-8437-08C2C250226A}.Release|Any CPU.Build.0 = Release|Any CPU
		{80030AF7-A578-46E1-AAF2-CD06CE2D09E8}.Debug|Any CPU.ActiveCfg = Debug|Any CPU
		{80030AF7-A578-46E1-AAF2-CD06CE2D09E8}.Debug|Any CPU.Build.0 = Debug|Any CPU
		{80030AF7-A578-46E1-AAF2-CD06CE2D09E8}.Release|Any CPU.ActiveCfg = Release|Any CPU
		{80030AF7-A578-46E1-AAF2-CD06CE2D09E8}.Release|Any CPU.Build.0 = Release|Any CPU
		{D24FCE89-50C7-4A94-B64F-1A4C4C79A666}.Debug|Any CPU.ActiveCfg = Debug|Any CPU
		{D24FCE89-50C7-4A94-B64F-1A4C4C79A666}.Debug|Any CPU.Build.0 = Debug|Any CPU
		{D24FCE89-50C7-4A94-B64F-1A4C4C79A666}.Release|Any CPU.ActiveCfg = Release|Any CPU
		{D24FCE89-50C7-4A94-B64F-1A4C4C79A666}.Release|Any CPU.Build.0 = Release|Any CPU
		{B2B4461E-98BA-4A41-8285-ED9F9BC39943}.Debug|Any CPU.ActiveCfg = Debug|Any CPU
		{B2B4461E-98BA-4A41-8285-ED9F9BC39943}.Debug|Any CPU.Build.0 = Debug|Any CPU
		{B2B4461E-98BA-4A41-8285-ED9F9BC39943}.Release|Any CPU.ActiveCfg = Release|Any CPU
		{B2B4461E-98BA-4A41-8285-ED9F9BC39943}.Release|Any CPU.Build.0 = Release|Any CPU
	EndGlobalSection
	GlobalSection(SolutionProperties) = preSolution
		HideSolutionNode = FALSE
	EndGlobalSection
	GlobalSection(NestedProjects) = preSolution
		{80030AF7-A578-46E1-AAF2-CD06CE2D09E8} = {3EE30115-A8B0-451A-8165-B6D0D1DA3042}
		{D24FCE89-50C7-4A94-B64F-1A4C4C79A666} = {3EE30115-A8B0-451A-8165-B6D0D1DA3042}
		{B2B4461E-98BA-4A41-8285-ED9F9BC39943} = {3EE30115-A8B0-451A-8165-B6D0D1DA3042}
	EndGlobalSection
	GlobalSection(ExtensibilityGlobals) = postSolution
		SolutionGuid = {E49F158A-1737-444F-8E60-EBD16A32D411}
	EndGlobalSection
EndGlobal
